
Microsoft Visual Studio Solution File, Format Version 12.00
# Visual Studio Version 17
VisualStudioVersion = 17.2.32630.192
MinimumVisualStudioVersion = 10.0.40219.1
Project("{FAE04EC0-301F-11D3-BF4B-00C04F79EFBC}") = "WebMVCBalta", "WebMVCBalta.csproj", "{7B32FEAF-47A3-44AA-8690-BFE64744C9A9}"
EndProject
Global
	GlobalSection(SolutionConfigurationPlatforms) = preSolution
		Debug|Any CPU = Debug|Any CPU
		Release|Any CPU = Release|Any CPU
	EndGlobalSection
	GlobalSection(ProjectConfigurationPlatforms) = postSolution
		{7B32FEAF-47A3-44AA-8690-BFE64744C9A9}.Debug|Any CPU.ActiveCfg = Debug|Any CPU
		{7B32FEAF-47A3-44AA-8690-BFE64744C9A9}.Debug|Any CPU.Build.0 = Debug|Any CPU
		{7B32FEAF-47A3-44AA-8690-BFE64744C9A9}.Release|Any CPU.ActiveCfg = Release|Any CPU
		{7B32FEAF-47A3-44AA-8690-BFE64744C9A9}.Release|Any CPU.Build.0 = Release|Any CPU
	EndGlobalSection
	GlobalSection(SolutionProperties) = preSolution
		HideSolutionNode = FALSE
	EndGlobalSection
	GlobalSection(ExtensibilityGlobals) = postSolution
		SolutionGuid = {7E62B7C1-7FD5-4239-98F5-F83ED3107FD9}
	EndGlobalSection
EndGlobal
